
Microsoft Visual Studio Solution File, Format Version 12.00
# Visual Studio Version 17
VisualStudioVersion = 17.11.35312.102
MinimumVisualStudioVersion = 10.0.40219.1
Project("{FAE04EC0-301F-11D3-BF4B-00C04F79EFBC}") = "Kpmg.CRM.BookRoom", "Kpmg.CRM.BookRoom\Kpmg.CRM.BookRoom.csproj", "{78A144BE-596A-4801-B5B9-A145A085F651}"
EndProject
Project("{FAE04EC0-301F-11D3-BF4B-00C04F79EFBC}") = "debug", "debug\debug.csproj", "{B6BC1411-0AC2-4260-BAF3-14C8D4A61AE2}"
EndProject
Project("{2150E333-8FDC-42A3-9474-1A3956D46DE8}") = "Integration", "Integration", "{B18B279B-2560-4B9E-994D-EAA6F3D573E5}"
EndProject
Project("{FAE04EC0-301F-11D3-BF4B-00C04F79EFBC}") = "KPMG.CRM.Integration.API", "KPMG.CRM.Integration\KPMG.CRM.Integration.API.csproj", "{58EB3F28-BCAF-46A1-B3A0-E88A35C62446}"
EndProject
Project("{FAE04EC0-301F-11D3-BF4B-00C04F79EFBC}") = "KPMG.CRM.Business", "KPMG.CRM.Business\KPMG.CRM.Business.csproj", "{A7873D5E-E3E5-46D7-99E8-794AC6B35681}"
EndProject
Project("{FAE04EC0-301F-11D3-BF4B-00C04F79EFBC}") = "KPMG.CRM.DAL", "KPMG.CRM.DAL\KPMG.CRM.DAL.csproj", "{EA686F85-AE74-4902-BC7A-8EC57110F892}"
EndProject
Global
	GlobalSection(SolutionConfigurationPlatforms) = preSolution
		Debug|Any CPU = Debug|Any CPU
		Release|Any CPU = Release|Any CPU
	EndGlobalSection
	GlobalSection(ProjectConfigurationPlatforms) = postSolution
		{78A144BE-596A-4801-B5B9-A145A085F651}.Debug|Any CPU.ActiveCfg = Debug|Any CPU
		{78A144BE-596A-4801-B5B9-A145A085F651}.Debug|Any CPU.Build.0 = Debug|Any CPU
		{78A144BE-596A-4801-B5B9-A145A085F651}.Release|Any CPU.ActiveCfg = Release|Any CPU
		{78A144BE-596A-4801-B5B9-A145A085F651}.Release|Any CPU.Build.0 = Release|Any CPU
		{B6BC1411-0AC2-4260-BAF3-14C8D4A61AE2}.Debug|Any CPU.ActiveCfg = Debug|Any CPU
		{B6BC1411-0AC2-4260-BAF3-14C8D4A61AE2}.Debug|Any CPU.Build.0 = Debug|Any CPU
		{B6BC1411-0AC2-4260-BAF3-14C8D4A61AE2}.Release|Any CPU.ActiveCfg = Release|Any CPU
		{B6BC1411-0AC2-4260-BAF3-14C8D4A61AE2}.Release|Any CPU.Build.0 = Release|Any CPU
		{58EB3F28-BCAF-46A1-B3A0-E88A35C62446}.Debug|Any CPU.ActiveCfg = Debug|Any CPU
		{58EB3F28-BCAF-46A1-B3A0-E88A35C62446}.Debug|Any CPU.Build.0 = Debug|Any CPU
		{58EB3F28-BCAF-46A1-B3A0-E88A35C62446}.Release|Any CPU.ActiveCfg = Release|Any CPU
		{58EB3F28-BCAF-46A1-B3A0-E88A35C62446}.Release|Any CPU.Build.0 = Release|Any CPU
		{A7873D5E-E3E5-46D7-99E8-794AC6B35681}.Debug|Any CPU.ActiveCfg = Debug|Any CPU
		{A7873D5E-E3E5-46D7-99E8-794AC6B35681}.Debug|Any CPU.Build.0 = Debug|Any CPU
		{A7873D5E-E3E5-46D7-99E8-794AC6B35681}.Release|Any CPU.ActiveCfg = Release|Any CPU
		{A7873D5E-E3E5-46D7-99E8-794AC6B35681}.Release|Any CPU.Build.0 = Release|Any CPU
		{EA686F85-AE74-4902-BC7A-8EC57110F892}.Debug|Any CPU.ActiveCfg = Debug|Any CPU
		{EA686F85-AE74-4902-BC7A-8EC57110F892}.Debug|Any CPU.Build.0 = Debug|Any CPU
		{EA686F85-AE74-4902-BC7A-8EC57110F892}.Release|Any CPU.ActiveCfg = Release|Any CPU
		{EA686F85-AE74-4902-BC7A-8EC57110F892}.Release|Any CPU.Build.0 = Release|Any CPU
	EndGlobalSection
	GlobalSection(SolutionProperties) = preSolution
		HideSolutionNode = FALSE
	EndGlobalSection
	GlobalSection(NestedProjects) = preSolution
		{58EB3F28-BCAF-46A1-B3A0-E88A35C62446} = {B18B279B-2560-4B9E-994D-EAA6F3D573E5}
		{A7873D5E-E3E5-46D7-99E8-794AC6B35681} = {B18B279B-2560-4B9E-994D-EAA6F3D573E5}
		{EA686F85-AE74-4902-BC7A-8EC57110F892} = {B18B279B-2560-4B9E-994D-EAA6F3D573E5}
	EndGlobalSection
	GlobalSection(ExtensibilityGlobals) = postSolution
		SolutionGuid = {4FA7B155-7F87-4577-A809-47BA5659D42D}
	EndGlobalSection
EndGlobal
